
Microsoft Visual Studio Solution File, Format Version 12.00
# Visual Studio Version 16
VisualStudioVersion = 16.0.31613.86
MinimumVisualStudioVersion = 10.0.40219.1
Project("{FAE04EC0-301F-11D3-BF4B-00C04F79EFBC}") = "AshtonBro.ImageHelper", "AshtonBro.ImageHelper.csproj", "{AE6A8D40-699C-4D2F-A631-7B4B1BB7A5E0}"
EndProject
Project("{FAE04EC0-301F-11D3-BF4B-00C04F79EFBC}") = "AshtonBro.DependencyProperties", "..\AshtonBro.DependencyProperties\AshtonBro.DependencyProperties.csproj", "{84114F5D-F573-4F67-96C8-887905A7B495}"
EndProject
Project("{FAE04EC0-301F-11D3-BF4B-00C04F79EFBC}") = "AshtonBro.StoryboardExamp", "..\AshtonBro.StoryboardExamp\AshtonBro.StoryboardExamp.csproj", "{BC307B19-05AF-4F97-B48B-C298F7376D29}"
EndProject
Project("{FAE04EC0-301F-11D3-BF4B-00C04F79EFBC}") = "AshtonBro.Layout", "..\AshtonBro.Layout\AshtonBro.Layout.csproj", "{3ED159B0-ED57-4296-B4AC-CFD73C8E27CE}"
EndProject
Project("{FAE04EC0-301F-11D3-BF4B-00C04F79EFBC}") = "AshtonBro.Panels", "..\AshtonBro.Panels\AshtonBro.Panels.csproj", "{B9E36D4E-B898-44E5-A7D6-DB0A765A0E2B}"
EndProject
Project("{FAE04EC0-301F-11D3-BF4B-00C04F79EFBC}") = "AshtonBro.Touch", "..\AshtonBro.Touch\AshtonBro.Touch.csproj", "{4D2E0ABE-B5BF-4D72-BE7A-F3D861C913A0}"
EndProject
Project("{FAE04EC0-301F-11D3-BF4B-00C04F79EFBC}") = "AshtonBro.Compression", "..\AshtonBro.Compression\AshtonBro.Compression.csproj", "{10076317-E2A5-49EF-B687-C7858F8C3473}"
EndProject
Project("{FAE04EC0-301F-11D3-BF4B-00C04F79EFBC}") = "AshtonBro.Wintellog", "..\AshtonBro.Wintellog\AshtonBro.Wintellog.csproj", "{7D58047D-614B-40ED-A2E3-851B7D01E511}"
EndProject
Project("{FAE04EC0-301F-11D3-BF4B-00C04F79EFBC}") = "AshtonBro.EncryptionSigning", "..\AshtonBro.EncryptionSigning\AshtonBro.EncryptionSigning.csproj", "{422768D8-D471-448D-AC64-B19D6B3E8743}"
EndProject
Global
	GlobalSection(SolutionConfigurationPlatforms) = preSolution
		Debug|ARM = Debug|ARM
		Debug|ARM64 = Debug|ARM64
		Debug|x64 = Debug|x64
		Debug|x86 = Debug|x86
		Release|ARM = Release|ARM
		Release|ARM64 = Release|ARM64
		Release|x64 = Release|x64
		Release|x86 = Release|x86
	EndGlobalSection
	GlobalSection(ProjectConfigurationPlatforms) = postSolution
		{AE6A8D40-699C-4D2F-A631-7B4B1BB7A5E0}.Debug|ARM.ActiveCfg = Debug|ARM
		{AE6A8D40-699C-4D2F-A631-7B4B1BB7A5E0}.Debug|ARM.Build.0 = Debug|ARM
		{AE6A8D40-699C-4D2F-A631-7B4B1BB7A5E0}.Debug|ARM.Deploy.0 = Debug|ARM
		{AE6A8D40-699C-4D2F-A631-7B4B1BB7A5E0}.Debug|ARM64.ActiveCfg = Debug|ARM64
		{AE6A8D40-699C-4D2F-A631-7B4B1BB7A5E0}.Debug|ARM64.Build.0 = Debug|ARM64
		{AE6A8D40-699C-4D2F-A631-7B4B1BB7A5E0}.Debug|ARM64.Deploy.0 = Debug|ARM64
		{AE6A8D40-699C-4D2F-A631-7B4B1BB7A5E0}.Debug|x64.ActiveCfg = Debug|x64
		{AE6A8D40-699C-4D2F-A631-7B4B1BB7A5E0}.Debug|x64.Build.0 = Debug|x64
		{AE6A8D40-699C-4D2F-A631-7B4B1BB7A5E0}.Debug|x64.Deploy.0 = Debug|x64
		{AE6A8D40-699C-4D2F-A631-7B4B1BB7A5E0}.Debug|x86.ActiveCfg = Debug|x86
		{AE6A8D40-699C-4D2F-A631-7B4B1BB7A5E0}.Debug|x86.Build.0 = Debug|x86
		{AE6A8D40-699C-4D2F-A631-7B4B1BB7A5E0}.Debug|x86.Deploy.0 = Debug|x86
		{AE6A8D40-699C-4D2F-A631-7B4B1BB7A5E0}.Release|ARM.ActiveCfg = Release|ARM
		{AE6A8D40-699C-4D2F-A631-7B4B1BB7A5E0}.Release|ARM.Build.0 = Release|ARM
		{AE6A8D40-699C-4D2F-A631-7B4B1BB7A5E0}.Release|ARM.Deploy.0 = Release|ARM
		{AE6A8D40-699C-4D2F-A631-7B4B1BB7A5E0}.Release|ARM64.ActiveCfg = Release|ARM64
		{AE6A8D40-699C-4D2F-A631-7B4B1BB7A5E0}.Release|ARM64.Build.0 = Release|ARM64
		{AE6A8D40-699C-4D2F-A631-7B4B1BB7A5E0}.Release|ARM64.Deploy.0 = Release|ARM64
		{AE6A8D40-699C-4D2F-A631-7B4B1BB7A5E0}.Release|x64.ActiveCfg = Release|x64
		{AE6A8D40-699C-4D2F-A631-7B4B1BB7A5E0}.Release|x64.Build.0 = Release|x64
		{AE6A8D40-699C-4D2F-A631-7B4B1BB7A5E0}.Release|x64.Deploy.0 = Release|x64
		{AE6A8D40-699C-4D2F-A631-7B4B1BB7A5E0}.Release|x86.ActiveCfg = Release|x86
		{AE6A8D40-699C-4D2F-A631-7B4B1BB7A5E0}.Release|x86.Build.0 = Release|x86
		{AE6A8D40-699C-4D2F-A631-7B4B1BB7A5E0}.Release|x86.Deploy.0 = Release|x86
		{84114F5D-F573-4F67-96C8-887905A7B495}.Debug|ARM.ActiveCfg = Debug|ARM
		{84114F5D-F573-4F67-96C8-887905A7B495}.Debug|ARM.Build.0 = Debug|ARM
		{84114F5D-F573-4F67-96C8-887905A7B495}.Debug|ARM.Deploy.0 = Debug|ARM
		{84114F5D-F573-4F67-96C8-887905A7B495}.Debug|ARM64.ActiveCfg = Debug|ARM64
		{84114F5D-F573-4F67-96C8-887905A7B495}.Debug|ARM64.Build.0 = Debug|ARM64
		{84114F5D-F573-4F67-96C8-887905A7B495}.Debug|ARM64.Deploy.0 = Debug|ARM64
		{84114F5D-F573-4F67-96C8-887905A7B495}.Debug|x64.ActiveCfg = Debug|x64
		{84114F5D-F573-4F67-96C8-887905A7B495}.Debug|x64.Build.0 = Debug|x64
		{84114F5D-F573-4F67-96C8-887905A7B495}.Debug|x64.Deploy.0 = Debug|x64
		{84114F5D-F573-4F67-96C8-887905A7B495}.Debug|x86.ActiveCfg = Debug|x86
		{84114F5D-F573-4F67-96C8-887905A7B495}.Debug|x86.Build.0 = Debug|x86
		{84114F5D-F573-4F67-96C8-887905A7B495}.Debug|x86.Deploy.0 = Debug|x86
		{84114F5D-F573-4F67-96C8-887905A7B495}.Release|ARM.ActiveCfg = Release|ARM
		{84114F5D-F573-4F67-96C8-887905A7B495}.Release|ARM.Build.0 = Release|ARM
		{84114F5D-F573-4F67-96C8-887905A7B495}.Release|ARM.Deploy.0 = Release|ARM
		{84114F5D-F573-4F67-96C8-887905A7B495}.Release|ARM64.ActiveCfg = Release|ARM64
		{84114F5D-F573-4F67-96C8-887905A7B495}.Release|ARM64.Build.0 = Release|ARM64
		{84114F5D-F573-4F67-96C8-887905A7B495}.Release|ARM64.Deploy.0 = Release|ARM64
		{84114F5D-F573-4F67-96C8-887905A7B495}.Release|x64.ActiveCfg = Release|x64
		{84114F5D-F573-4F67-96C8-887905A7B495}.Release|x64.Build.0 = Release|x64
		{84114F5D-F573-4F67-96C8-887905A7B495}.Release|x64.Deploy.0 = Release|x64
		{84114F5D-F573-4F67-96C8-887905A7B495}.Release|x86.ActiveCfg = Release|x86
		{84114F5D-F573-4F67-96C8-887905A7B495}.Release|x86.Build.0 = Release|x86
		{84114F5D-F573-4F67-96C8-887905A7B495}.Release|x86.Deploy.0 = Release|x86
		{BC307B19-05AF-4F97-B48B-C298F7376D29}.Debug|ARM.ActiveCfg = Debug|ARM
		{BC307B19-05AF-4F97-B48B-C298F7376D29}.Debug|ARM.Build.0 = Debug|ARM
		{BC307B19-05AF-4F97-B48B-C298F7376D29}.Debug|ARM.Deploy.0 = Debug|ARM
		{BC307B19-05AF-4F97-B48B-C298F7376D29}.Debug|ARM64.ActiveCfg = Debug|ARM64
		{BC307B19-05AF-4F97-B48B-C298F7376D29}.Debug|ARM64.Build.0 = Debug|ARM64
		{BC307B19-05AF-4F97-B48B-C298F7376D29}.Debug|ARM64.Deploy.0 = Debug|ARM64
		{BC307B19-05AF-4F97-B48B-C298F7376D29}.Debug|x64.ActiveCfg = Debug|x64
		{BC307B19-05AF-4F97-B48B-C298F7376D29}.Debug|x64.Build.0 = Debug|x64
		{BC307B19-05AF-4F97-B48B-C298F7376D29}.Debug|x64.Deploy.0 = Debug|x64
		{BC307B19-05AF-4F97-B48B-C298F7376D29}.Debug|x86.ActiveCfg = Debug|x86
		{BC307B19-05AF-4F97-B48B-C298F7376D29}.Debug|x86.Build.0 = Debug|x86
		{BC307B19-05AF-4F97-B48B-C298F7376D29}.Debug|x86.Deploy.0 = Debug|x86
		{BC307B19-05AF-4F97-B48B-C298F7376D29}.Release|ARM.ActiveCfg = Release|ARM
		{BC307B19-05AF-4F97-B48B-C298F7376D29}.Release|ARM.Build.0 = Release|ARM
		{BC307B19-05AF-4F97-B48B-C298F7376D29}.Release|ARM.Deploy.0 = Release|ARM
		{BC307B19-05AF-4F97-B48B-C298F7376D29}.Release|ARM64.ActiveCfg = Release|ARM64
		{BC307B19-05AF-4F97-B48B-C298F7376D29}.Release|ARM64.Build.0 = Release|ARM64
		{BC307B19-05AF-4F97-B48B-C298F7376D29}.Release|ARM64.Deploy.0 = Release|ARM64
		{BC307B19-05AF-4F97-B48B-C298F7376D29}.Release|x64.ActiveCfg = Release|x64
		{BC307B19-05AF-4F97-B48B-C298F7376D29}.Release|x64.Build.0 = Release|x64
		{BC307B19-05AF-4F97-B48B-C298F7376D29}.Release|x64.Deploy.0 = Release|x64
		{BC307B19-05AF-4F97-B48B-C298F7376D29}.Release|x86.ActiveCfg = Release|x86
		{BC307B19-05AF-4F97-B48B-C298F7376D29}.Release|x86.Build.0 = Release|x86
		{BC307B19-05AF-4F97-B48B-C298F7376D29}.Release|x86.Deploy.0 = Release|x86
		{3ED159B0-ED57-4296-B4AC-CFD73C8E27CE}.Debug|ARM.ActiveCfg = Debug|ARM
		{3ED159B0-ED57-4296-B4AC-CFD73C8E27CE}.Debug|ARM.Build.0 = Debug|ARM
		{3ED159B0-ED57-4296-B4AC-CFD73C8E27CE}.Debug|ARM.Deploy.0 = Debug|ARM
		{3ED159B0-ED57-4296-B4AC-CFD73C8E27CE}.Debug|ARM64.ActiveCfg = Debug|ARM64
		{3ED159B0-ED57-4296-B4AC-CFD73C8E27CE}.Debug|ARM64.Build.0 = Debug|ARM64
		{3ED159B0-ED57-4296-B4AC-CFD73C8E27CE}.Debug|ARM64.Deploy.0 = Debug|ARM64
		{3ED159B0-ED57-4296-B4AC-CFD73C8E27CE}.Debug|x64.ActiveCfg = Debug|x64
		{3ED159B0-ED57-4296-B4AC-CFD73C8E27CE}.Debug|x64.Build.0 = Debug|x64
		{3ED159B0-ED57-4296-B4AC-CFD73C8E27CE}.Debug|x64.Deploy.0 = Debug|x64
		{3ED159B0-ED57-4296-B4AC-CFD73C8E27CE}.Debug|x86.ActiveCfg = Debug|x86
		{3ED159B0-ED57-4296-B4AC-CFD73C8E27CE}.Debug|x86.Build.0 = Debug|x86
		{3ED159B0-ED57-4296-B4AC-CFD73C8E27CE}.Debug|x86.Deploy.0 = Debug|x86
		{3ED159B0-ED57-4296-B4AC-CFD73C8E27CE}.Release|ARM.ActiveCfg = Release|ARM
		{3ED159B0-ED57-4296-B4AC-CFD73C8E27CE}.Release|ARM.Build.0 = Release|ARM
		{3ED159B0-ED57-4296-B4AC-CFD73C8E27CE}.Release|ARM.Deploy.0 = Release|ARM
		{3ED159B0-ED57-4296-B4AC-CFD73C8E27CE}.Release|ARM64.ActiveCfg = Release|ARM64
		{3ED159B0-ED57-4296-B4AC-CFD73C8E27CE}.Release|ARM64.Build.0 = Release|ARM64
		{3ED159B0-ED57-4296-B4AC-CFD73C8E27CE}.Release|ARM64.Deploy.0 = Release|ARM64
		{3ED159B0-ED57-4296-B4AC-CFD73C8E27CE}.Release|x64.ActiveCfg = Release|x64
		{3ED159B0-ED57-4296-B4AC-CFD73C8E27CE}.Release|x64.Build.0 = Release|x64
		{3ED159B0-ED57-4296-B4AC-CFD73C8E27CE}.Release|x64.Deploy.0 = Release|x64
		{3ED159B0-ED57-4296-B4AC-CFD73C8E27CE}.Release|x86.ActiveCfg = Release|x86
		{3ED159B0-ED57-4296-B4AC-CFD73C8E27CE}.Release|x86.Build.0 = Release|x86
		{3ED159B0-ED57-4296-B4AC-CFD73C8E27CE}.Release|x86.Deploy.0 = Release|x86
		{B9E36D4E-B898-44E5-A7D6-DB0A765A0E2B}.Debug|ARM.ActiveCfg = Debug|ARM
		{B9E36D4E-B898-44E5-A7D6-DB0A765A0E2B}.Debug|ARM.Build.0 = Debug|ARM
		{B9E36D4E-B898-44E5-A7D6-DB0A765A0E2B}.Debug|ARM.Deploy.0 = Debug|ARM
		{B9E36D4E-B898-44E5-A7D6-DB0A765A0E2B}.Debug|ARM64.ActiveCfg = Debug|ARM64
		{B9E36D4E-B898-44E5-A7D6-DB0A765A0E2B}.Debug|ARM64.Build.0 = Debug|ARM64
		{B9E36D4E-B898-44E5-A7D6-DB0A765A0E2B}.Debug|ARM64.Deploy.0 = Debug|ARM64
		{B9E36D4E-B898-44E5-A7D6-DB0A765A0E2B}.Debug|x64.ActiveCfg = Debug|x64
		{B9E36D4E-B898-44E5-A7D6-DB0A765A0E2B}.Debug|x64.Build.0 = Debug|x64
		{B9E36D4E-B898-44E5-A7D6-DB0A765A0E2B}.Debug|x64.Deploy.0 = Debug|x64
		{B9E36D4E-B898-44E5-A7D6-DB0A765A0E2B}.Debug|x86.ActiveCfg = Debug|x86
		{B9E36D4E-B898-44E5-A7D6-DB0A765A0E2B}.Debug|x86.Build.0 = Debug|x86
		{B9E36D4E-B898-44E5-A7D6-DB0A765A0E2B}.Debug|x86.Deploy.0 = Debug|x86
		{B9E36D4E-B898-44E5-A7D6-DB0A765A0E2B}.Release|ARM.ActiveCfg = Release|ARM
		{B9E36D4E-B898-44E5-A7D6-DB0A765A0E2B}.Release|ARM.Build.0 = Release|ARM
		{B9E36D4E-B898-44E5-A7D6-DB0A765A0E2B}.Release|ARM.Deploy.0 = Release|ARM
		{B9E36D4E-B898-44E5-A7D6-DB0A765A0E2B}.Release|ARM64.ActiveCfg = Release|ARM64
		{B9E36D4E-B898-44E5-A7D6-DB0A765A0E2B}.Release|ARM64.Build.0 = Release|ARM64
		{B9E36D4E-B898-44E5-A7D6-DB0A765A0E2B}.Release|ARM64.Deploy.0 = Release|ARM64
		{B9E36D4E-B898-44E5-A7D6-DB0A765A0E2B}.Release|x64.ActiveCfg = Release|x64
		{B9E36D4E-B898-44E5-A7D6-DB0A765A0E2B}.Release|x64.Build.0 = Release|x64
		{B9E36D4E-B898-44E5-A7D6-DB0A765A0E2B}.Release|x64.Deploy.0 = Release|x64
		{B9E36D4E-B898-44E5-A7D6-DB0A765A0E2B}.Release|x86.ActiveCfg = Release|x86
		{B9E36D4E-B898-44E5-A7D6-DB0A765A0E2B}.Release|x86.Build.0 = Release|x86
		{B9E36D4E-B898-44E5-A7D6-DB0A765A0E2B}.Release|x86.Deploy.0 = Release|x86
		{4D2E0ABE-B5BF-4D72-BE7A-F3D861C913A0}.Debug|ARM.ActiveCfg = Debug|ARM
		{4D2E0ABE-B5BF-4D72-BE7A-F3D861C913A0}.Debug|ARM.Build.0 = Debug|ARM
		{4D2E0ABE-B5BF-4D72-BE7A-F3D861C913A0}.Debug|ARM.Deploy.0 = Debug|ARM
		{4D2E0ABE-B5BF-4D72-BE7A-F3D861C913A0}.Debug|ARM64.ActiveCfg = Debug|ARM64
		{4D2E0ABE-B5BF-4D72-BE7A-F3D861C913A0}.Debug|ARM64.Build.0 = Debug|ARM64
		{4D2E0ABE-B5BF-4D72-BE7A-F3D861C913A0}.Debug|ARM64.Deploy.0 = Debug|ARM64
		{4D2E0ABE-B5BF-4D72-BE7A-F3D861C913A0}.Debug|x64.ActiveCfg = Debug|x64
		{4D2E0ABE-B5BF-4D72-BE7A-F3D861C913A0}.Debug|x64.Build.0 = Debug|x64
		{4D2E0ABE-B5BF-4D72-BE7A-F3D861C913A0}.Debug|x64.Deploy.0 = Debug|x64
		{4D2E0ABE-B5BF-4D72-BE7A-F3D861C913A0}.Debug|x86.ActiveCfg = Debug|x86
		{4D2E0ABE-B5BF-4D72-BE7A-F3D861C913A0}.Debug|x86.Build.0 = Debug|x86
		{4D2E0ABE-B5BF-4D72-BE7A-F3D861C913A0}.Debug|x86.Deploy.0 = Debug|x86
		{4D2E0ABE-B5BF-4D72-BE7A-F3D861C913A0}.Release|ARM.ActiveCfg = Release|ARM
		{4D2E0ABE-B5BF-4D72-BE7A-F3D861C913A0}.Release|ARM.Build.0 = Release|ARM
		{4D2E0ABE-B5BF-4D72-BE7A-F3D861C913A0}.Release|ARM.Deploy.0 = Release|ARM
		{4D2E0ABE-B5BF-4D72-BE7A-F3D861C913A0}.Release|ARM64.ActiveCfg = Release|ARM64
		{4D2E0ABE-B5BF-4D72-BE7A-F3D861C913A0}.Release|ARM64.Build.0 = Release|ARM64
		{4D2E0ABE-B5BF-4D72-BE7A-F3D861C913A0}.Release|ARM64.Deploy.0 = Release|ARM64
		{4D2E0ABE-B5BF-4D72-BE7A-F3D861C913A0}.Release|x64.ActiveCfg = Release|x64
		{4D2E0ABE-B5BF-4D72-BE7A-F3D861C913A0}.Release|x64.Build.0 = Release|x64
		{4D2E0ABE-B5BF-4D72-BE7A-F3D861C913A0}.Release|x64.Deploy.0 = Release|x64
		{4D2E0ABE-B5BF-4D72-BE7A-F3D861C913A0}.Release|x86.ActiveCfg = Release|x86
		{4D2E0ABE-B5BF-4D72-BE7A-F3D861C913A0}.Release|x86.Build.0 = Release|x86
		{4D2E0ABE-B5BF-4D72-BE7A-F3D861C913A0}.Release|x86.Deploy.0 = Release|x86
		{10076317-E2A5-49EF-B687-C7858F8C3473}.Debug|ARM.ActiveCfg = Debug|ARM
		{10076317-E2A5-49EF-B687-C7858F8C3473}.Debug|ARM.Build.0 = Debug|ARM
		{10076317-E2A5-49EF-B687-C7858F8C3473}.Debug|ARM.Deploy.0 = Debug|ARM
		{10076317-E2A5-49EF-B687-C7858F8C3473}.Debug|ARM64.ActiveCfg = Debug|ARM64
		{10076317-E2A5-49EF-B687-C7858F8C3473}.Debug|ARM64.Build.0 = Debug|ARM64
		{10076317-E2A5-49EF-B687-C7858F8C3473}.Debug|ARM64.Deploy.0 = Debug|ARM64
		{10076317-E2A5-49EF-B687-C7858F8C3473}.Debug|x64.ActiveCfg = Debug|x64
		{10076317-E2A5-49EF-B687-C7858F8C3473}.Debug|x64.Build.0 = Debug|x64
		{10076317-E2A5-49EF-B687-C7858F8C3473}.Debug|x64.Deploy.0 = Debug|x64
		{10076317-E2A5-49EF-B687-C7858F8C3473}.Debug|x86.ActiveCfg = Debug|x86
		{10076317-E2A5-49EF-B687-C7858F8C3473}.Debug|x86.Build.0 = Debug|x86
		{10076317-E2A5-49EF-B687-C7858F8C3473}.Debug|x86.Deploy.0 = Debug|x86
		{10076317-E2A5-49EF-B687-C7858F8C3473}.Release|ARM.ActiveCfg = Release|ARM
		{10076317-E2A5-49EF-B687-C7858F8C3473}.Release|ARM.Build.0 = Release|ARM
		{10076317-E2A5-49EF-B687-C7858F8C3473}.Release|ARM.Deploy.0 = Release|ARM
		{10076317-E2A5-49EF-B687-C7858F8C3473}.Release|ARM64.ActiveCfg = Release|ARM64
		{10076317-E2A5-49EF-B687-C7858F8C3473}.Release|ARM64.Build.0 = Release|ARM64
		{10076317-E2A5-49EF-B687-C7858F8C3473}.Release|ARM64.Deploy.0 = Release|ARM64
		{10076317-E2A5-49EF-B687-C7858F8C3473}.Release|x64.ActiveCfg = Release|x64
		{10076317-E2A5-49EF-B687-C7858F8C3473}.Release|x64.Build.0 = Release|x64
		{10076317-E2A5-49EF-B687-C7858F8C3473}.Release|x64.Deploy.0 = Release|x64
		{10076317-E2A5-49EF-B687-C7858F8C3473}.Release|x86.ActiveCfg = Release|x86
		{10076317-E2A5-49EF-B687-C7858F8C3473}.Release|x86.Build.0 = Release|x86
		{10076317-E2A5-49EF-B687-C7858F8C3473}.Release|x86.Deploy.0 = Release|x86
		{7D58047D-614B-40ED-A2E3-851B7D01E511}.Debug|ARM.ActiveCfg = Debug|ARM
		{7D58047D-614B-40ED-A2E3-851B7D01E511}.Debug|ARM.Build.0 = Debug|ARM
		{7D58047D-614B-40ED-A2E3-851B7D01E511}.Debug|ARM.Deploy.0 = Debug|ARM
		{7D58047D-614B-40ED-A2E3-851B7D01E511}.Debug|ARM64.ActiveCfg = Debug|ARM64
		{7D58047D-614B-40ED-A2E3-851B7D01E511}.Debug|ARM64.Build.0 = Debug|ARM64
		{7D58047D-614B-40ED-A2E3-851B7D01E511}.Debug|ARM64.Deploy.0 = Debug|ARM64
		{7D58047D-614B-40ED-A2E3-851B7D01E511}.Debug|x64.ActiveCfg = Debug|x64
		{7D58047D-614B-40ED-A2E3-851B7D01E511}.Debug|x64.Build.0 = Debug|x64
		{7D58047D-614B-40ED-A2E3-851B7D01E511}.Debug|x64.Deploy.0 = Debug|x64
		{7D58047D-614B-40ED-A2E3-851B7D01E511}.Debug|x86.ActiveCfg = Debug|x86
		{7D58047D-614B-40ED-A2E3-851B7D01E511}.Debug|x86.Build.0 = Debug|x86
		{7D58047D-614B-40ED-A2E3-851B7D01E511}.Debug|x86.Deploy.0 = Debug|x86
		{7D58047D-614B-40ED-A2E3-851B7D01E511}.Release|ARM.ActiveCfg = Release|ARM
		{7D58047D-614B-40ED-A2E3-851B7D01E511}.Release|ARM.Build.0 = Release|ARM
		{7D58047D-614B-40ED-A2E3-851B7D01E511}.Release|ARM.Deploy.0 = Release|ARM
		{7D58047D-614B-40ED-A2E3-851B7D01E511}.Release|ARM64.ActiveCfg = Release|ARM64
		{7D58047D-614B-40ED-A2E3-851B7D01E511}.Release|ARM64.Build.0 = Release|ARM64
		{7D58047D-614B-40ED-A2E3-851B7D01E511}.Release|ARM64.Deploy.0 = Release|ARM64
		{7D58047D-614B-40ED-A2E3-851B7D01E511}.Release|x64.ActiveCfg = Release|x64
		{7D58047D-614B-40ED-A2E3-851B7D01E511}.Release|x64.Build.0 = Release|x64
		{7D58047D-614B-40ED-A2E3-851B7D01E511}.Release|x64.Deploy.0 = Release|x64
		{7D58047D-614B-40ED-A2E3-851B7D01E511}.Release|x86.ActiveCfg = Release|x86
		{7D58047D-614B-40ED-A2E3-851B7D01E511}.Release|x86.Build.0 = Release|x86
		{7D58047D-614B-40ED-A2E3-851B7D01E511}.Release|x86.Deploy.0 = Release|x86
		{422768D8-D471-448D-AC64-B19D6B3E8743}.Debug|ARM.ActiveCfg = Debug|ARM
		{422768D8-D471-448D-AC64-B19D6B3E8743}.Debug|ARM.Build.0 = Debug|ARM
		{422768D8-D471-448D-AC64-B19D6B3E8743}.Debug|ARM.Deploy.0 = Debug|ARM
		{422768D8-D471-448D-AC64-B19D6B3E8743}.Debug|ARM64.ActiveCfg = Debug|ARM64
		{422768D8-D471-448D-AC64-B19D6B3E8743}.Debug|ARM64.Build.0 = Debug|ARM64
		{422768D8-D471-448D-AC64-B19D6B3E8743}.Debug|ARM64.Deploy.0 = Debug|ARM64
		{422768D8-D471-448D-AC64-B19D6B3E8743}.Debug|x64.ActiveCfg = Debug|x64
		{422768D8-D471-448D-AC64-B19D6B3E8743}.Debug|x64.Build.0 = Debug|x64
		{422768D8-D471-448D-AC64-B19D6B3E8743}.Debug|x64.Deploy.0 = Debug|x64
		{422768D8-D471-448D-AC64-B19D6B3E8743}.Debug|x86.ActiveCfg = Debug|x86
		{422768D8-D471-448D-AC64-B19D6B3E8743}.Debug|x86.Build.0 = Debug|x86
		{422768D8-D471-448D-AC64-B19D6B3E8743}.Debug|x86.Deploy.0 = Debug|x86
		{422768D8-D471-448D-AC64-B19D6B3E8743}.Release|ARM.ActiveCfg = Release|ARM
		{422768D8-D471-448D-AC64-B19D6B3E8743}.Release|ARM.Build.0 = Release|ARM
		{422768D8-D471-448D-AC64-B19D6B3E8743}.Release|ARM.Deploy.0 = Release|ARM
		{422768D8-D471-448D-AC64-B19D6B3E8743}.Release|ARM64.ActiveCfg = Release|ARM64
		{422768D8-D471-448D-AC64-B19D6B3E8743}.Release|ARM64.Build.0 = Release|ARM64
		{422768D8-D471-448D-AC64-B19D6B3E8743}.Release|ARM64.Deploy.0 = Release|ARM64
		{422768D8-D471-448D-AC64-B19D6B3E8743}.Release|x64.ActiveCfg = Release|x64
		{422768D8-D471-448D-AC64-B19D6B3E8743}.Release|x64.Build.0 = Release|x64
		{422768D8-D471-448D-AC64-B19D6B3E8743}.Release|x64.Deploy.0 = Release|x64
		{422768D8-D471-448D-AC64-B19D6B3E8743}.Release|x86.ActiveCfg = Release|x86
		{422768D8-D471-448D-AC64-B19D6B3E8743}.Release|x86.Build.0 = Release|x86
		{422768D8-D471-448D-AC64-B19D6B3E8743}.Release|x86.Deploy.0 = Release|x86
	EndGlobalSection
	GlobalSection(SolutionProperties) = preSolution
		HideSolutionNode = FALSE
	EndGlobalSection
	GlobalSection(ExtensibilityGlobals) = postSolution
		SolutionGuid = {2F649256-10C7-464A-BEFA-DABEECD5E165}
	EndGlobalSection
EndGlobal
